// !$*UTF8*$!
{
	archiveVersion = 1;
	classes = {
	};
	objectVersion = 77;
	objects = {

/* Begin PBXBuildFile section */
		037E17C74A8A7DF3739B57C6 /* TransactionRepository.swift in Sources */ = {isa = PBXBuildFile; fileRef = 787AA255DDE36C711D52FEF1 /* TransactionRepository.swift */; };
		039B198D9E72774CD264CC47 /* BillRepository.swift in Sources */ = {isa = PBXBuildFile; fileRef = CF1A4EB126C425A722A1F799 /* BillRepository.swift */; };
		112D8F7EDC340FB490987BA7 /* BillCategory+Symbol.swift in Sources */ = {isa = PBXBuildFile; fileRef = 97C9D06B9C73942DB7BCB1E6 /* BillCategory+Symbol.swift */; };
		15235C672AEEF4B41EAB6F9D /* AccountRepository.swift in Sources */ = {isa = PBXBuildFile; fileRef = B15B87893615C7FDA9DBE854 /* AccountRepository.swift */; };
		15A9A2441E801731FB56F96D /* AccountsView.swift in Sources */ = {isa = PBXBuildFile; fileRef = C0D11D805524C105EB3F1C10 /* AccountsView.swift */; };
		1689E77387A375255DAD78FF /* AICommandBarView.swift in Sources */ = {isa = PBXBuildFile; fileRef = 3236C9074BE625405C3A3017 /* AICommandBarView.swift */; };
		1A1084128D6533DF910DDB6C /* Income.swift in Sources */ = {isa = PBXBuildFile; fileRef = 47B670D568D70DBA5C329242 /* Income.swift */; };
		1AE28FA4156F10DF6AE7499B /* SettingsTouchBarHost.swift in Sources */ = {isa = PBXBuildFile; fileRef = 314AC56C635AB36E943D1521 /* SettingsTouchBarHost.swift */; };
		205211601E58D043E2F412E1 /* DashboardView.swift in Sources */ = {isa = PBXBuildFile; fileRef = 65C09DC47F94D4EE8CF86105 /* DashboardView.swift */; };
		2BC8079086332782B8885662 /* BankCSVImportSheet.swift in Sources */ = {isa = PBXBuildFile; fileRef = 77BCE31B9B57FAAF10E8DA33 /* BankCSVImportSheet.swift */; };
		347FD0029AB5F6D3E912F231 /* IncomeListView.swift in Sources */ = {isa = PBXBuildFile; fileRef = EB770E0D3D2B0E782FF2A458 /* IncomeListView.swift */; };
		3BBB03BC59FBE79A33473313 /* NewBillView.swift in Sources */ = {isa = PBXBuildFile; fileRef = 6AFC8EAAA5BD2C51ABE6C5C8 /* NewBillView.swift */; };
		3DBAEB87EA3E75B34EBEC6E7 /* HelpView.swift in Sources */ = {isa = PBXBuildFile; fileRef = 05F5C570F72DDE878DE2D350 /* HelpView.swift */; };
		44D8B522C2317620B5C03CD9 /* NewIncomeView.swift in Sources */ = {isa = PBXBuildFile; fileRef = B2BE434731D7FD8E05AF141B /* NewIncomeView.swift */; };
		49C75FAA2490DA9A9162BBB9 /* EditIncomeView.swift in Sources */ = {isa = PBXBuildFile; fileRef = B6C6DDF40E53AA23366DBEE5 /* EditIncomeView.swift */; };
		4B58870427D92E7F11EA9465 /* TransactionsTests.swift in Sources */ = {isa = PBXBuildFile; fileRef = A21723429F23EE2D1B3CF4F2 /* TransactionsTests.swift */; };
		54199379FCDA3EB58719DBD4 /* App.swift in Sources */ = {isa = PBXBuildFile; fileRef = E376CA9DC4A2B7C14BF43FB8 /* App.swift */; };
		56106CD5010156CF2EEDBEE5 /* PersistencePaths.swift in Sources */ = {isa = PBXBuildFile; fileRef = 22BC58BAF7591679FF33D155 /* PersistencePaths.swift */; };
		5735E82EE2DF92D0E8345DDA /* BankCSVImporter.swift in Sources */ = {isa = PBXBuildFile; fileRef = 1E205C1A6FF07217891E3B15 /* BankCSVImporter.swift */; };
		66448309876C9A4EBAA5DEAF /* TransactionsView.swift in Sources */ = {isa = PBXBuildFile; fileRef = 68FB454FAA9C3409CA37898B /* TransactionsView.swift */; };
		6ABB8AFB19E2B3F1C7DD19FA /* CalendarSyncManager.swift in Sources */ = {isa = PBXBuildFile; fileRef = 257F6AA1CC8CB58F19647D0D /* CalendarSyncManager.swift */; };
		6F874DAC8E2C4A9E791FC723 /* IncomeSource+Defaults.swift in Sources */ = {isa = PBXBuildFile; fileRef = 5C1AFEF8261B90FFEF5CCD7F /* IncomeSource+Defaults.swift */; };
		70ECC9A76E706F3EEDA3C368 /* WindowDraggableModifier.swift in Sources */ = {isa = PBXBuildFile; fileRef = DB5EBE133D571BE60AF926D0 /* WindowDraggableModifier.swift */; };
		712E8DE24591F344DCFB4E07 /* MiniMonthPicker.swift in Sources */ = {isa = PBXBuildFile; fileRef = 8B5F84D12CBC082633217AD9 /* MiniMonthPicker.swift */; };
		7645EBD77C23590337D88C12 /* RootSplitView.swift in Sources */ = {isa = PBXBuildFile; fileRef = 39B6F836DA99A62DF688BE91 /* RootSplitView.swift */; };
		7668FE4FB526F08BDD24D65C /* EditBillView.swift in Sources */ = {isa = PBXBuildFile; fileRef = A445D22FF173130675D4C9F5 /* EditBillView.swift */; };
		7701CE4A921154A4CDD02812 /* Bill.swift in Sources */ = {isa = PBXBuildFile; fileRef = F186E395EAC5DED09B49873E /* Bill.swift */; };
		7A594A24F811A0CCC3669539 /* Transaction.swift in Sources */ = {isa = PBXBuildFile; fileRef = C745553C7651F30CBBC88F6D /* Transaction.swift */; };
		7B5A18F6CDC1FE7762A9806A /* CalendarOverviewView.swift in Sources */ = {isa = PBXBuildFile; fileRef = FDF27C32EBD82429EC0C2BBD /* CalendarOverviewView.swift */; };
		80A60B947DDD1561130A96F5 /* MonthlySummaryView.swift in Sources */ = {isa = PBXBuildFile; fileRef = 0488179EE4D524BEDBB2EECD /* MonthlySummaryView.swift */; };
		820EB225C6D3F9412596017C /* CommandMemoryStore.swift in Sources */ = {isa = PBXBuildFile; fileRef = 0D2E225F36C4270CC1DD3138 /* CommandMemoryStore.swift */; };
		8EACD85B1D86A7BFF436FA26 /* IncomeCalendarView.swift in Sources */ = {isa = PBXBuildFile; fileRef = E7553C8C6D45C5E2B937FAD5 /* IncomeCalendarView.swift */; };
		925CD8782A7788FE02DB80FC /* BankCSVImportEngine.swift in Sources */ = {isa = PBXBuildFile; fileRef = 8EC8D30EEBA5E51D57645277 /* BankCSVImportEngine.swift */; };
		93DD80065A713B8347E4678B /* logo.png in Resources */ = {isa = PBXBuildFile; fileRef = A8F99C16027620911DA24928 /* logo.png */; };
		94906A7887901F2F6487B9DE /* Payment.swift in Sources */ = {isa = PBXBuildFile; fileRef = CCAB562AD1CE6F66E2F41F9C /* Payment.swift */; };
		959E1D96F608BBDB9C91495C /* NotificationManager.swift in Sources */ = {isa = PBXBuildFile; fileRef = 05B7313EAC61A3239C5CB123 /* NotificationManager.swift */; };
		A392A4F9F9D80C35D235060D /* Goal.swift in Sources */ = {isa = PBXBuildFile; fileRef = 5C3A2D2719D6BF07D29ADAFF /* Goal.swift */; };
		AA2C52216721FFDD0804670B /* BillsListView.swift in Sources */ = {isa = PBXBuildFile; fileRef = 9A32A1D6760EC9CBAB253709 /* BillsListView.swift */; };
		AC48010C870781ACEF7C1D36 /* ReportsView.swift in Sources */ = {isa = PBXBuildFile; fileRef = 6C08D67FA2A94D9D541BACC4 /* ReportsView.swift */; };
		AF349295EC168CC5BD098762 /* BillAttachmentStore.swift in Sources */ = {isa = PBXBuildFile; fileRef = 981E5D8CB477F087C388C0D3 /* BillAttachmentStore.swift */; };
		B30F4116D8D6A225A8D322B4 /* BillTests.swift in Sources */ = {isa = PBXBuildFile; fileRef = E2B7C1599B6990824C0E1097 /* BillTests.swift */; };
		C05E5084ECF9C8095DA9D2EC /* HistoryListView.swift in Sources */ = {isa = PBXBuildFile; fileRef = 112C2DDC6BDC97B24B1D8CA6 /* HistoryListView.swift */; };
		C2F24ACCA5CC2676B78280EF /* StartOnLoginManager.swift in Sources */ = {isa = PBXBuildFile; fileRef = 4FAD7C62F7F42644738F0851 /* StartOnLoginManager.swift */; };
		C41B00C87D71858BD2FC0CD2 /* SidebarView.swift in Sources */ = {isa = PBXBuildFile; fileRef = C4B7930F45C4A564AC57ACCF /* SidebarView.swift */; };
		CFA03E6896D39BD659697FBE /* Decimal+Helpers.swift in Sources */ = {isa = PBXBuildFile; fileRef = E96EDBDD274072CFCE4981E4 /* Decimal+Helpers.swift */; };
		DA26D75F33691ACFF2EC6940 /* Recurrence.swift in Sources */ = {isa = PBXBuildFile; fileRef = 059AE1D3CD6D3B0B1766EFE4 /* Recurrence.swift */; };
		DB074D7232A673FAC0CF3059 /* SettingsView.swift in Sources */ = {isa = PBXBuildFile; fileRef = 0BB036B5F458FDB1DA4C0B40 /* SettingsView.swift */; };
		DC83B20B5B92E9796E5DB8C3 /* GoalsView.swift in Sources */ = {isa = PBXBuildFile; fileRef = 52C23B5097EBDFECD8B90902 /* GoalsView.swift */; };
		DE1E8C4236837F340ED9A380 /* AICommandParser.swift in Sources */ = {isa = PBXBuildFile; fileRef = 5F243AF5E1F6A45E91D9FD10 /* AICommandParser.swift */; };
		DE7A4B1514768802E408781E /* Debt.swift in Sources */ = {isa = PBXBuildFile; fileRef = 60E95C16B551FC3FF1094827 /* Debt.swift */; };
		DECA697FCD5B3BFE9B9AEDEC /* AppIcon.icns in Resources */ = {isa = PBXBuildFile; fileRef = 227194ECE23A893462351981 /* AppIcon.icns */; };
		DF6ACBF2E870533B257CA668 /* PersonalFinancesCommands.swift in Sources */ = {isa = PBXBuildFile; fileRef = 8FDE64110AC999026A45800E /* PersonalFinancesCommands.swift */; };
		DF768F853EB81D7F6335C0C4 /* IncomeRepository.swift in Sources */ = {isa = PBXBuildFile; fileRef = 830A4B0E1BCE1758567B0377 /* IncomeRepository.swift */; };
		E16536CECBE579BDCE31E513 /* TouchBarHost.swift in Sources */ = {isa = PBXBuildFile; fileRef = 90A922E71BE9AA5C351F27CE /* TouchBarHost.swift */; };
		E3F740E1D67520C90B449BF2 /* DebtRepository.swift in Sources */ = {isa = PBXBuildFile; fileRef = 7B9074B253D67F7F713A5494 /* DebtRepository.swift */; };
		E87FD3CF76D07FDB4AE7464D /* Entitlements.mac.plist in Resources */ = {isa = PBXBuildFile; fileRef = 476E10D8C60C860D529EDDD6 /* Entitlements.mac.plist */; };
		ED15511F5CB4362A89C53E83 /* DebtsView.swift in Sources */ = {isa = PBXBuildFile; fileRef = 9F21C4597D3697221A2196D0 /* DebtsView.swift */; };
		F43DCF4D7F95022FF4C874D9 /* Typography.swift in Sources */ = {isa = PBXBuildFile; fileRef = 2FFB558931CBAC49B5A6940E /* Typography.swift */; };
		F49F2805FAE78BEB9984A3E9 /* GoalRepository.swift in Sources */ = {isa = PBXBuildFile; fileRef = B85FCE89C60E6CFEB0C8BAC6 /* GoalRepository.swift */; };
		FC04C2C18B96F9C6B5DE4112 /* Account.swift in Sources */ = {isa = PBXBuildFile; fileRef = C96670F3A31CF0B62DA92FA4 /* Account.swift */; };
		FEF8EAB727AD0625C790A0B2 /* FileBillRepository.swift in Sources */ = {isa = PBXBuildFile; fileRef = 2F905CF874516D95428F2787 /* FileBillRepository.swift */; };
/* End PBXBuildFile section */

/* Begin PBXContainerItemProxy section */
		F80BFAE1732C5805B39671CF /* PBXContainerItemProxy */ = {
			isa = PBXContainerItemProxy;
			containerPortal = A178189E900DA0CE5881F97D /* Project object */;
			proxyType = 1;
			remoteGlobalIDString = 65E9BAAF53BA3B8DC3925966;
			remoteInfo = Kivana;
		};
/* End PBXContainerItemProxy section */

/* Begin PBXFileReference section */
		0488179EE4D524BEDBB2EECD /* MonthlySummaryView.swift */ = {isa = PBXFileReference; lastKnownFileType = sourcecode.swift; path = MonthlySummaryView.swift; sourceTree = "<group>"; };
		059AE1D3CD6D3B0B1766EFE4 /* Recurrence.swift */ = {isa = PBXFileReference; lastKnownFileType = sourcecode.swift; path = Recurrence.swift; sourceTree = "<group>"; };
		05B7313EAC61A3239C5CB123 /* NotificationManager.swift */ = {isa = PBXFileReference; lastKnownFileType = sourcecode.swift; path = NotificationManager.swift; sourceTree = "<group>"; };
		05F5C570F72DDE878DE2D350 /* HelpView.swift */ = {isa = PBXFileReference; lastKnownFileType = sourcecode.swift; path = HelpView.swift; sourceTree = "<group>"; };
		0BB036B5F458FDB1DA4C0B40 /* SettingsView.swift */ = {isa = PBXFileReference; lastKnownFileType = sourcecode.swift; path = SettingsView.swift; sourceTree = "<group>"; };
		0D2E225F36C4270CC1DD3138 /* CommandMemoryStore.swift */ = {isa = PBXFileReference; lastKnownFileType = sourcecode.swift; path = CommandMemoryStore.swift; sourceTree = "<group>"; };
		112C2DDC6BDC97B24B1D8CA6 /* HistoryListView.swift */ = {isa = PBXFileReference; lastKnownFileType = sourcecode.swift; path = HistoryListView.swift; sourceTree = "<group>"; };
		1E205C1A6FF07217891E3B15 /* BankCSVImporter.swift */ = {isa = PBXFileReference; lastKnownFileType = sourcecode.swift; path = BankCSVImporter.swift; sourceTree = "<group>"; };
		227194ECE23A893462351981 /* AppIcon.icns */ = {isa = PBXFileReference; lastKnownFileType = image.icns; path = AppIcon.icns; sourceTree = "<group>"; };
		22BC58BAF7591679FF33D155 /* PersistencePaths.swift */ = {isa = PBXFileReference; lastKnownFileType = sourcecode.swift; path = PersistencePaths.swift; sourceTree = "<group>"; };
		257F6AA1CC8CB58F19647D0D /* CalendarSyncManager.swift */ = {isa = PBXFileReference; lastKnownFileType = sourcecode.swift; path = CalendarSyncManager.swift; sourceTree = "<group>"; };
		2F905CF874516D95428F2787 /* FileBillRepository.swift */ = {isa = PBXFileReference; lastKnownFileType = sourcecode.swift; path = FileBillRepository.swift; sourceTree = "<group>"; };
		2FFB558931CBAC49B5A6940E /* Typography.swift */ = {isa = PBXFileReference; lastKnownFileType = sourcecode.swift; path = Typography.swift; sourceTree = "<group>"; };
		314AC56C635AB36E943D1521 /* SettingsTouchBarHost.swift */ = {isa = PBXFileReference; lastKnownFileType = sourcecode.swift; path = SettingsTouchBarHost.swift; sourceTree = "<group>"; };
		3236C9074BE625405C3A3017 /* AICommandBarView.swift */ = {isa = PBXFileReference; lastKnownFileType = sourcecode.swift; path = AICommandBarView.swift; sourceTree = "<group>"; };
		39B6F836DA99A62DF688BE91 /* RootSplitView.swift */ = {isa = PBXFileReference; lastKnownFileType = sourcecode.swift; path = RootSplitView.swift; sourceTree = "<group>"; };
		476E10D8C60C860D529EDDD6 /* Entitlements.mac.plist */ = {isa = PBXFileReference; lastKnownFileType = text.plist; path = Entitlements.mac.plist; sourceTree = "<group>"; };
		47B670D568D70DBA5C329242 /* Income.swift */ = {isa = PBXFileReference; lastKnownFileType = sourcecode.swift; path = Income.swift; sourceTree = "<group>"; };
		4FAD7C62F7F42644738F0851 /* StartOnLoginManager.swift */ = {isa = PBXFileReference; lastKnownFileType = sourcecode.swift; path = StartOnLoginManager.swift; sourceTree = "<group>"; };
		52C23B5097EBDFECD8B90902 /* GoalsView.swift */ = {isa = PBXFileReference; lastKnownFileType = sourcecode.swift; path = GoalsView.swift; sourceTree = "<group>"; };
		5C1AFEF8261B90FFEF5CCD7F /* IncomeSource+Defaults.swift */ = {isa = PBXFileReference; lastKnownFileType = sourcecode.swift; path = "IncomeSource+Defaults.swift"; sourceTree = "<group>"; };
		5C3A2D2719D6BF07D29ADAFF /* Goal.swift */ = {isa = PBXFileReference; lastKnownFileType = sourcecode.swift; path = Goal.swift; sourceTree = "<group>"; };
		5F243AF5E1F6A45E91D9FD10 /* AICommandParser.swift */ = {isa = PBXFileReference; lastKnownFileType = sourcecode.swift; path = AICommandParser.swift; sourceTree = "<group>"; };
		60E95C16B551FC3FF1094827 /* Debt.swift */ = {isa = PBXFileReference; lastKnownFileType = sourcecode.swift; path = Debt.swift; sourceTree = "<group>"; };
		65C09DC47F94D4EE8CF86105 /* DashboardView.swift */ = {isa = PBXFileReference; lastKnownFileType = sourcecode.swift; path = DashboardView.swift; sourceTree = "<group>"; };
		68FB454FAA9C3409CA37898B /* TransactionsView.swift */ = {isa = PBXFileReference; lastKnownFileType = sourcecode.swift; path = TransactionsView.swift; sourceTree = "<group>"; };
		6AFC8EAAA5BD2C51ABE6C5C8 /* NewBillView.swift */ = {isa = PBXFileReference; lastKnownFileType = sourcecode.swift; path = NewBillView.swift; sourceTree = "<group>"; };
		6C08D67FA2A94D9D541BACC4 /* ReportsView.swift */ = {isa = PBXFileReference; lastKnownFileType = sourcecode.swift; path = ReportsView.swift; sourceTree = "<group>"; };
		77BCE31B9B57FAAF10E8DA33 /* BankCSVImportSheet.swift */ = {isa = PBXFileReference; lastKnownFileType = sourcecode.swift; path = BankCSVImportSheet.swift; sourceTree = "<group>"; };
		787AA255DDE36C711D52FEF1 /* TransactionRepository.swift */ = {isa = PBXFileReference; lastKnownFileType = sourcecode.swift; path = TransactionRepository.swift; sourceTree = "<group>"; };
		7B9074B253D67F7F713A5494 /* DebtRepository.swift */ = {isa = PBXFileReference; lastKnownFileType = sourcecode.swift; path = DebtRepository.swift; sourceTree = "<group>"; };
		830A4B0E1BCE1758567B0377 /* IncomeRepository.swift */ = {isa = PBXFileReference; lastKnownFileType = sourcecode.swift; path = IncomeRepository.swift; sourceTree = "<group>"; };
		8B5F84D12CBC082633217AD9 /* MiniMonthPicker.swift */ = {isa = PBXFileReference; lastKnownFileType = sourcecode.swift; path = MiniMonthPicker.swift; sourceTree = "<group>"; };
		8EC8D30EEBA5E51D57645277 /* BankCSVImportEngine.swift */ = {isa = PBXFileReference; lastKnownFileType = sourcecode.swift; path = BankCSVImportEngine.swift; sourceTree = "<group>"; };
		8FDE64110AC999026A45800E /* PersonalFinancesCommands.swift */ = {isa = PBXFileReference; lastKnownFileType = sourcecode.swift; path = PersonalFinancesCommands.swift; sourceTree = "<group>"; };
		90A922E71BE9AA5C351F27CE /* TouchBarHost.swift */ = {isa = PBXFileReference; lastKnownFileType = sourcecode.swift; path = TouchBarHost.swift; sourceTree = "<group>"; };
		97C9D06B9C73942DB7BCB1E6 /* BillCategory+Symbol.swift */ = {isa = PBXFileReference; lastKnownFileType = sourcecode.swift; path = "BillCategory+Symbol.swift"; sourceTree = "<group>"; };
		981E5D8CB477F087C388C0D3 /* BillAttachmentStore.swift */ = {isa = PBXFileReference; lastKnownFileType = sourcecode.swift; path = BillAttachmentStore.swift; sourceTree = "<group>"; };
		9A32A1D6760EC9CBAB253709 /* BillsListView.swift */ = {isa = PBXFileReference; lastKnownFileType = sourcecode.swift; path = BillsListView.swift; sourceTree = "<group>"; };
		9F21C4597D3697221A2196D0 /* DebtsView.swift */ = {isa = PBXFileReference; lastKnownFileType = sourcecode.swift; path = DebtsView.swift; sourceTree = "<group>"; };
		A21723429F23EE2D1B3CF4F2 /* TransactionsTests.swift */ = {isa = PBXFileReference; lastKnownFileType = sourcecode.swift; path = TransactionsTests.swift; sourceTree = "<group>"; };
		A445D22FF173130675D4C9F5 /* EditBillView.swift */ = {isa = PBXFileReference; lastKnownFileType = sourcecode.swift; path = EditBillView.swift; sourceTree = "<group>"; };
		A8F99C16027620911DA24928 /* logo.png */ = {isa = PBXFileReference; lastKnownFileType = image.png; path = logo.png; sourceTree = "<group>"; };
		B15B87893615C7FDA9DBE854 /* AccountRepository.swift */ = {isa = PBXFileReference; lastKnownFileType = sourcecode.swift; path = AccountRepository.swift; sourceTree = "<group>"; };
		B2BE434731D7FD8E05AF141B /* NewIncomeView.swift */ = {isa = PBXFileReference; lastKnownFileType = sourcecode.swift; path = NewIncomeView.swift; sourceTree = "<group>"; };
		B6C6DDF40E53AA23366DBEE5 /* EditIncomeView.swift */ = {isa = PBXFileReference; lastKnownFileType = sourcecode.swift; path = EditIncomeView.swift; sourceTree = "<group>"; };
		B85FCE89C60E6CFEB0C8BAC6 /* GoalRepository.swift */ = {isa = PBXFileReference; lastKnownFileType = sourcecode.swift; path = GoalRepository.swift; sourceTree = "<group>"; };
		C0D11D805524C105EB3F1C10 /* AccountsView.swift */ = {isa = PBXFileReference; lastKnownFileType = sourcecode.swift; path = AccountsView.swift; sourceTree = "<group>"; };
		C4B7930F45C4A564AC57ACCF /* SidebarView.swift */ = {isa = PBXFileReference; lastKnownFileType = sourcecode.swift; path = SidebarView.swift; sourceTree = "<group>"; };
		C4C36A6E024051A453750F69 /* Kivana.app */ = {isa = PBXFileReference; explicitFileType = wrapper.application; includeInIndex = 0; path = Kivana.app; sourceTree = BUILT_PRODUCTS_DIR; };
		C745553C7651F30CBBC88F6D /* Transaction.swift */ = {isa = PBXFileReference; lastKnownFileType = sourcecode.swift; path = Transaction.swift; sourceTree = "<group>"; };
		C85246B9351FE28F1E798591 /* PersonalFinancesTests.xctest */ = {isa = PBXFileReference; explicitFileType = wrapper.cfbundle; includeInIndex = 0; path = PersonalFinancesTests.xctest; sourceTree = BUILT_PRODUCTS_DIR; };
		C96670F3A31CF0B62DA92FA4 /* Account.swift */ = {isa = PBXFileReference; lastKnownFileType = sourcecode.swift; path = Account.swift; sourceTree = "<group>"; };
		CCAB562AD1CE6F66E2F41F9C /* Payment.swift */ = {isa = PBXFileReference; lastKnownFileType = sourcecode.swift; path = Payment.swift; sourceTree = "<group>"; };
		CF1A4EB126C425A722A1F799 /* BillRepository.swift */ = {isa = PBXFileReference; lastKnownFileType = sourcecode.swift; path = BillRepository.swift; sourceTree = "<group>"; };
		DB5EBE133D571BE60AF926D0 /* WindowDraggableModifier.swift */ = {isa = PBXFileReference; lastKnownFileType = sourcecode.swift; path = WindowDraggableModifier.swift; sourceTree = "<group>"; };
		DBD7791A7F6E3414FD40AFD1 /* Info.plist */ = {isa = PBXFileReference; lastKnownFileType = text.plist; path = Info.plist; sourceTree = "<group>"; };
		E2B7C1599B6990824C0E1097 /* BillTests.swift */ = {isa = PBXFileReference; lastKnownFileType = sourcecode.swift; path = BillTests.swift; sourceTree = "<group>"; };
		E376CA9DC4A2B7C14BF43FB8 /* App.swift */ = {isa = PBXFileReference; lastKnownFileType = sourcecode.swift; path = App.swift; sourceTree = "<group>"; };
		E7553C8C6D45C5E2B937FAD5 /* IncomeCalendarView.swift */ = {isa = PBXFileReference; lastKnownFileType = sourcecode.swift; path = IncomeCalendarView.swift; sourceTree = "<group>"; };
		E96EDBDD274072CFCE4981E4 /* Decimal+Helpers.swift */ = {isa = PBXFileReference; lastKnownFileType = sourcecode.swift; path = "Decimal+Helpers.swift"; sourceTree = "<group>"; };
		EB770E0D3D2B0E782FF2A458 /* IncomeListView.swift */ = {isa = PBXFileReference; lastKnownFileType = sourcecode.swift; path = IncomeListView.swift; sourceTree = "<group>"; };
		F186E395EAC5DED09B49873E /* Bill.swift */ = {isa = PBXFileReference; lastKnownFileType = sourcecode.swift; path = Bill.swift; sourceTree = "<group>"; };
		FDF27C32EBD82429EC0C2BBD /* CalendarOverviewView.swift */ = {isa = PBXFileReference; lastKnownFileType = sourcecode.swift; path = CalendarOverviewView.swift; sourceTree = "<group>"; };
		FE764F3BE7613B3173F03598 /* .gitkeep */ = {isa = PBXFileReference; path = .gitkeep; sourceTree = "<group>"; };
/* End PBXFileReference section */

/* Begin PBXGroup section */
		00E9F6B939300C1643B55E70 /* Views */ = {
			isa = PBXGroup;
			children = (
				C0D11D805524C105EB3F1C10 /* AccountsView.swift */,
				3236C9074BE625405C3A3017 /* AICommandBarView.swift */,
				77BCE31B9B57FAAF10E8DA33 /* BankCSVImportSheet.swift */,
				9A32A1D6760EC9CBAB253709 /* BillsListView.swift */,
				FDF27C32EBD82429EC0C2BBD /* CalendarOverviewView.swift */,
				65C09DC47F94D4EE8CF86105 /* DashboardView.swift */,
				9F21C4597D3697221A2196D0 /* DebtsView.swift */,
				A445D22FF173130675D4C9F5 /* EditBillView.swift */,
				B6C6DDF40E53AA23366DBEE5 /* EditIncomeView.swift */,
				52C23B5097EBDFECD8B90902 /* GoalsView.swift */,
				05F5C570F72DDE878DE2D350 /* HelpView.swift */,
				112C2DDC6BDC97B24B1D8CA6 /* HistoryListView.swift */,
				E7553C8C6D45C5E2B937FAD5 /* IncomeCalendarView.swift */,
				EB770E0D3D2B0E782FF2A458 /* IncomeListView.swift */,
				8B5F84D12CBC082633217AD9 /* MiniMonthPicker.swift */,
				0488179EE4D524BEDBB2EECD /* MonthlySummaryView.swift */,
				6AFC8EAAA5BD2C51ABE6C5C8 /* NewBillView.swift */,
				B2BE434731D7FD8E05AF141B /* NewIncomeView.swift */,
				6C08D67FA2A94D9D541BACC4 /* ReportsView.swift */,
				39B6F836DA99A62DF688BE91 /* RootSplitView.swift */,
				314AC56C635AB36E943D1521 /* SettingsTouchBarHost.swift */,
				0BB036B5F458FDB1DA4C0B40 /* SettingsView.swift */,
				C4B7930F45C4A564AC57ACCF /* SidebarView.swift */,
				90A922E71BE9AA5C351F27CE /* TouchBarHost.swift */,
				68FB454FAA9C3409CA37898B /* TransactionsView.swift */,
				DB5EBE133D571BE60AF926D0 /* WindowDraggableModifier.swift */,
			);
			path = Views;
			sourceTree = "<group>";
		};
		19184FDC585323C79B09E093 = {
			isa = PBXGroup;
			children = (
				F41FBEAE5CEBBFE6EA77FA5C /* Sources */,
				308FE7787231B86DAA9DBE20 /* Tests */,
				AC8465C1E47CE01D6CD56B45 /* Products */,
			);
			sourceTree = "<group>";
		};
		308FE7787231B86DAA9DBE20 /* Tests */ = {
			isa = PBXGroup;
			children = (
				9AE3B40E728C10C9F263F802 /* PersonalFinancesTests */,
			);
			path = Tests;
			sourceTree = "<group>";
		};
		4FF2341BE03A1E89C61906BA /* Models */ = {
			isa = PBXGroup;
			children = (
				C96670F3A31CF0B62DA92FA4 /* Account.swift */,
				F186E395EAC5DED09B49873E /* Bill.swift */,
				97C9D06B9C73942DB7BCB1E6 /* BillCategory+Symbol.swift */,
				60E95C16B551FC3FF1094827 /* Debt.swift */,
				E96EDBDD274072CFCE4981E4 /* Decimal+Helpers.swift */,
				5C3A2D2719D6BF07D29ADAFF /* Goal.swift */,
				47B670D568D70DBA5C329242 /* Income.swift */,
				5C1AFEF8261B90FFEF5CCD7F /* IncomeSource+Defaults.swift */,
				CCAB562AD1CE6F66E2F41F9C /* Payment.swift */,
				059AE1D3CD6D3B0B1766EFE4 /* Recurrence.swift */,
				C745553C7651F30CBBC88F6D /* Transaction.swift */,
			);
			path = Models;
			sourceTree = "<group>";
		};
		5EFECEC236A5D993D7119A65 /* Resources */ = {
			isa = PBXGroup;
			children = (
				227194ECE23A893462351981 /* AppIcon.icns */,
				D2F6EF96A9C45AD137BCA631 /* TaskbarIcons */,
			);
			path = Resources;
			sourceTree = "<group>";
		};
		7683391884B81F10FA21F7F4 /* PersonalFinancesApp */ = {
			isa = PBXGroup;
			children = (
				E376CA9DC4A2B7C14BF43FB8 /* App.swift */,
				476E10D8C60C860D529EDDD6 /* Entitlements.mac.plist */,
				DBD7791A7F6E3414FD40AFD1 /* Info.plist */,
				8FDE64110AC999026A45800E /* PersonalFinancesCommands.swift */,
				7B01051C21A46AF5BD1BBEA7 /* Data */,
				4FF2341BE03A1E89C61906BA /* Models */,
				5EFECEC236A5D993D7119A65 /* Resources */,
				9B65F7E917BBA91B8455E3B1 /* Services */,
				AD3BAE8DEA35666F6AD5EA91 /* Support */,
				00E9F6B939300C1643B55E70 /* Views */,
			);
			path = PersonalFinancesApp;
			sourceTree = "<group>";
		};
		7B01051C21A46AF5BD1BBEA7 /* Data */ = {
			isa = PBXGroup;
			children = (
				B15B87893615C7FDA9DBE854 /* AccountRepository.swift */,
				CF1A4EB126C425A722A1F799 /* BillRepository.swift */,
				7B9074B253D67F7F713A5494 /* DebtRepository.swift */,
				2F905CF874516D95428F2787 /* FileBillRepository.swift */,
				B85FCE89C60E6CFEB0C8BAC6 /* GoalRepository.swift */,
				830A4B0E1BCE1758567B0377 /* IncomeRepository.swift */,
				787AA255DDE36C711D52FEF1 /* TransactionRepository.swift */,
			);
			path = Data;
			sourceTree = "<group>";
		};
		9AE3B40E728C10C9F263F802 /* PersonalFinancesTests */ = {
			isa = PBXGroup;
			children = (
				E2B7C1599B6990824C0E1097 /* BillTests.swift */,
				A21723429F23EE2D1B3CF4F2 /* TransactionsTests.swift */,
			);
			path = PersonalFinancesTests;
			sourceTree = "<group>";
		};
		9B65F7E917BBA91B8455E3B1 /* Services */ = {
			isa = PBXGroup;
			children = (
				5F243AF5E1F6A45E91D9FD10 /* AICommandParser.swift */,
				8EC8D30EEBA5E51D57645277 /* BankCSVImportEngine.swift */,
				1E205C1A6FF07217891E3B15 /* BankCSVImporter.swift */,
				981E5D8CB477F087C388C0D3 /* BillAttachmentStore.swift */,
				257F6AA1CC8CB58F19647D0D /* CalendarSyncManager.swift */,
				0D2E225F36C4270CC1DD3138 /* CommandMemoryStore.swift */,
				05B7313EAC61A3239C5CB123 /* NotificationManager.swift */,
				22BC58BAF7591679FF33D155 /* PersistencePaths.swift */,
				4FAD7C62F7F42644738F0851 /* StartOnLoginManager.swift */,
			);
			path = Services;
			sourceTree = "<group>";
		};
		AC8465C1E47CE01D6CD56B45 /* Products */ = {
			isa = PBXGroup;
			children = (
				C4C36A6E024051A453750F69 /* Kivana.app */,
				C85246B9351FE28F1E798591 /* PersonalFinancesTests.xctest */,
			);
			name = Products;
			sourceTree = "<group>";
		};
		AD3BAE8DEA35666F6AD5EA91 /* Support */ = {
			isa = PBXGroup;
			children = (
				2FFB558931CBAC49B5A6940E /* Typography.swift */,
			);
			path = Support;
			sourceTree = "<group>";
		};
		D2F6EF96A9C45AD137BCA631 /* TaskbarIcons */ = {
			isa = PBXGroup;
			children = (
				FE764F3BE7613B3173F03598 /* .gitkeep */,
				A8F99C16027620911DA24928 /* logo.png */,
			);
			path = TaskbarIcons;
			sourceTree = "<group>";
		};
		F41FBEAE5CEBBFE6EA77FA5C /* Sources */ = {
			isa = PBXGroup;
			children = (
				7683391884B81F10FA21F7F4 /* PersonalFinancesApp */,
			);
			path = Sources;
			sourceTree = "<group>";
		};
/* End PBXGroup section */

/* Begin PBXNativeTarget section */
		65E9BAAF53BA3B8DC3925966 /* Kivana */ = {
			isa = PBXNativeTarget;
			buildConfigurationList = A7FD9035012C17F07263336A /* Build configuration list for PBXNativeTarget "Kivana" */;
			buildPhases = (
				A890FA4B858E162BFB50DBA3 /* Sources */,
				456841EF9AABDBBE0514EA68 /* Resources */,
			);
			buildRules = (
			);
			dependencies = (
			);
			name = Kivana;
			packageProductDependencies = (
			);
			productName = Kivana;
			productReference = C4C36A6E024051A453750F69 /* Kivana.app */;
			productType = "com.apple.product-type.application";
		};
		9869C1199E7BF942B753BAE5 /* PersonalFinancesTests */ = {
			isa = PBXNativeTarget;
			buildConfigurationList = BE8E3DB4C09A9852338728C5 /* Build configuration list for PBXNativeTarget "PersonalFinancesTests" */;
			buildPhases = (
				7012111E5A81D552A7B44822 /* Sources */,
			);
			buildRules = (
			);
			dependencies = (
				00BE0525014899CBC56D3F76 /* PBXTargetDependency */,
			);
			name = PersonalFinancesTests;
			packageProductDependencies = (
			);
			productName = PersonalFinancesTests;
			productReference = C85246B9351FE28F1E798591 /* PersonalFinancesTests.xctest */;
			productType = "com.apple.product-type.bundle.unit-test";
		};
/* End PBXNativeTarget section */

/* Begin PBXProject section */
		A178189E900DA0CE5881F97D /* Project object */ = {
			isa = PBXProject;
			attributes = {
				BuildIndependentTargetsInParallel = YES;
				LastUpgradeCheck = 1430;
				ORGANIZATIONNAME = Personal;
				TargetAttributes = {
					65E9BAAF53BA3B8DC3925966 = {
						DevelopmentTeam = "";
					};
					9869C1199E7BF942B753BAE5 = {
						DevelopmentTeam = "";
					};
				};
			};
			buildConfigurationList = 63EA620C155579330A5C8C93 /* Build configuration list for PBXProject "Kivana" */;
			developmentRegion = en;
			hasScannedForEncodings = 0;
			knownRegions = (
				Base,
				en,
			);
			mainGroup = 19184FDC585323C79B09E093;
			minimizedProjectReferenceProxies = 1;
			preferredProjectObjectVersion = 77;
			productRefGroup = AC8465C1E47CE01D6CD56B45 /* Products */;
			projectDirPath = "";
			projectRoot = "";
			targets = (
				65E9BAAF53BA3B8DC3925966 /* Kivana */,
				9869C1199E7BF942B753BAE5 /* PersonalFinancesTests */,
			);
		};
/* End PBXProject section */

/* Begin PBXResourcesBuildPhase section */
		456841EF9AABDBBE0514EA68 /* Resources */ = {
			isa = PBXResourcesBuildPhase;
			buildActionMask = 2147483647;
			files = (
				DECA697FCD5B3BFE9B9AEDEC /* AppIcon.icns in Resources */,
				E87FD3CF76D07FDB4AE7464D /* Entitlements.mac.plist in Resources */,
				93DD80065A713B8347E4678B /* logo.png in Resources */,
			);
			runOnlyForDeploymentPostprocessing = 0;
		};
/* End PBXResourcesBuildPhase section */

/* Begin PBXSourcesBuildPhase section */
		7012111E5A81D552A7B44822 /* Sources */ = {
			isa = PBXSourcesBuildPhase;
			buildActionMask = 2147483647;
			files = (
				B30F4116D8D6A225A8D322B4 /* BillTests.swift in Sources */,
				4B58870427D92E7F11EA9465 /* TransactionsTests.swift in Sources */,
			);
			runOnlyForDeploymentPostprocessing = 0;
		};
		A890FA4B858E162BFB50DBA3 /* Sources */ = {
			isa = PBXSourcesBuildPhase;
			buildActionMask = 2147483647;
			files = (
				1689E77387A375255DAD78FF /* AICommandBarView.swift in Sources */,
				DE1E8C4236837F340ED9A380 /* AICommandParser.swift in Sources */,
				FC04C2C18B96F9C6B5DE4112 /* Account.swift in Sources */,
				15235C672AEEF4B41EAB6F9D /* AccountRepository.swift in Sources */,
				15A9A2441E801731FB56F96D /* AccountsView.swift in Sources */,
				54199379FCDA3EB58719DBD4 /* App.swift in Sources */,
				925CD8782A7788FE02DB80FC /* BankCSVImportEngine.swift in Sources */,
				2BC8079086332782B8885662 /* BankCSVImportSheet.swift in Sources */,
				5735E82EE2DF92D0E8345DDA /* BankCSVImporter.swift in Sources */,
				7701CE4A921154A4CDD02812 /* Bill.swift in Sources */,
				AF349295EC168CC5BD098762 /* BillAttachmentStore.swift in Sources */,
				112D8F7EDC340FB490987BA7 /* BillCategory+Symbol.swift in Sources */,
				039B198D9E72774CD264CC47 /* BillRepository.swift in Sources */,
				AA2C52216721FFDD0804670B /* BillsListView.swift in Sources */,
				7B5A18F6CDC1FE7762A9806A /* CalendarOverviewView.swift in Sources */,
				6ABB8AFB19E2B3F1C7DD19FA /* CalendarSyncManager.swift in Sources */,
				820EB225C6D3F9412596017C /* CommandMemoryStore.swift in Sources */,
				205211601E58D043E2F412E1 /* DashboardView.swift in Sources */,
				DE7A4B1514768802E408781E /* Debt.swift in Sources */,
				E3F740E1D67520C90B449BF2 /* DebtRepository.swift in Sources */,
				ED15511F5CB4362A89C53E83 /* DebtsView.swift in Sources */,
				CFA03E6896D39BD659697FBE /* Decimal+Helpers.swift in Sources */,
				7668FE4FB526F08BDD24D65C /* EditBillView.swift in Sources */,
				49C75FAA2490DA9A9162BBB9 /* EditIncomeView.swift in Sources */,
				FEF8EAB727AD0625C790A0B2 /* FileBillRepository.swift in Sources */,
				A392A4F9F9D80C35D235060D /* Goal.swift in Sources */,
				F49F2805FAE78BEB9984A3E9 /* GoalRepository.swift in Sources */,
				DC83B20B5B92E9796E5DB8C3 /* GoalsView.swift in Sources */,
				3DBAEB87EA3E75B34EBEC6E7 /* HelpView.swift in Sources */,
				C05E5084ECF9C8095DA9D2EC /* HistoryListView.swift in Sources */,
				1A1084128D6533DF910DDB6C /* Income.swift in Sources */,
				8EACD85B1D86A7BFF436FA26 /* IncomeCalendarView.swift in Sources */,
				347FD0029AB5F6D3E912F231 /* IncomeListView.swift in Sources */,
				DF768F853EB81D7F6335C0C4 /* IncomeRepository.swift in Sources */,
				6F874DAC8E2C4A9E791FC723 /* IncomeSource+Defaults.swift in Sources */,
				712E8DE24591F344DCFB4E07 /* MiniMonthPicker.swift in Sources */,
				80A60B947DDD1561130A96F5 /* MonthlySummaryView.swift in Sources */,
				3BBB03BC59FBE79A33473313 /* NewBillView.swift in Sources */,
				44D8B522C2317620B5C03CD9 /* NewIncomeView.swift in Sources */,
				959E1D96F608BBDB9C91495C /* NotificationManager.swift in Sources */,
				94906A7887901F2F6487B9DE /* Payment.swift in Sources */,
				56106CD5010156CF2EEDBEE5 /* PersistencePaths.swift in Sources */,
				DF6ACBF2E870533B257CA668 /* PersonalFinancesCommands.swift in Sources */,
				DA26D75F33691ACFF2EC6940 /* Recurrence.swift in Sources */,
				AC48010C870781ACEF7C1D36 /* ReportsView.swift in Sources */,
				7645EBD77C23590337D88C12 /* RootSplitView.swift in Sources */,
				1AE28FA4156F10DF6AE7499B /* SettingsTouchBarHost.swift in Sources */,
				DB074D7232A673FAC0CF3059 /* SettingsView.swift in Sources */,
				C41B00C87D71858BD2FC0CD2 /* SidebarView.swift in Sources */,
				C2F24ACCA5CC2676B78280EF /* StartOnLoginManager.swift in Sources */,
				E16536CECBE579BDCE31E513 /* TouchBarHost.swift in Sources */,
				7A594A24F811A0CCC3669539 /* Transaction.swift in Sources */,
				037E17C74A8A7DF3739B57C6 /* TransactionRepository.swift in Sources */,
				66448309876C9A4EBAA5DEAF /* TransactionsView.swift in Sources */,
				F43DCF4D7F95022FF4C874D9 /* Typography.swift in Sources */,
				70ECC9A76E706F3EEDA3C368 /* WindowDraggableModifier.swift in Sources */,
			);
			runOnlyForDeploymentPostprocessing = 0;
		};
/* End PBXSourcesBuildPhase section */

/* Begin PBXTargetDependency section */
		00BE0525014899CBC56D3F76 /* PBXTargetDependency */ = {
			isa = PBXTargetDependency;
			target = 65E9BAAF53BA3B8DC3925966 /* Kivana */;
			targetProxy = F80BFAE1732C5805B39671CF /* PBXContainerItemProxy */;
		};
/* End PBXTargetDependency section */

/* Begin XCBuildConfiguration section */
		59002D2BDC1B59F6593F26C2 /* Release */ = {
			isa = XCBuildConfiguration;
			buildSettings = {
				ASSETCATALOG_COMPILER_APPICON_NAME = AppIcon;
				CODE_SIGN_ENTITLEMENTS = Sources/PersonalFinancesApp/Entitlements.mac.plist;
				COMBINE_HIDPI_IMAGES = YES;
				INFOPLIST_FILE = Sources/PersonalFinancesApp/Info.plist;
				LD_RUNPATH_SEARCH_PATHS = (
					"$(inherited)",
					"@executable_path/../Frameworks",
				);
				MACOSX_DEPLOYMENT_TARGET = 13.0;
				PRODUCT_BUNDLE_IDENTIFIER = com.personal.PersonalFinances;
				SDKROOT = macosx;
			};
			name = Release;
		};
		81850C203F6833EA3F0E8073 /* Release */ = {
			isa = XCBuildConfiguration;
			buildSettings = {
				BUNDLE_LOADER = "$(TEST_HOST)";
				COMBINE_HIDPI_IMAGES = YES;
				LD_RUNPATH_SEARCH_PATHS = (
					"$(inherited)",
					"@executable_path/../Frameworks",
					"@loader_path/../Frameworks",
				);
				SDKROOT = macosx;
				TEST_HOST = "$(BUILT_PRODUCTS_DIR)/Kivana.app/Contents/MacOS/Kivana";
			};
			name = Release;
		};
		843B5669ED4F09FD02D4C5E8 /* Debug */ = {
			isa = XCBuildConfiguration;
			buildSettings = {
				ASSETCATALOG_COMPILER_APPICON_NAME = AppIcon;
				CODE_SIGN_ENTITLEMENTS = Sources/PersonalFinancesApp/Entitlements.mac.plist;
				COMBINE_HIDPI_IMAGES = YES;
				INFOPLIST_FILE = Sources/PersonalFinancesApp/Info.plist;
				LD_RUNPATH_SEARCH_PATHS = (
					"$(inherited)",
					"@executable_path/../Frameworks",
				);
				MACOSX_DEPLOYMENT_TARGET = 13.0;
				PRODUCT_BUNDLE_IDENTIFIER = com.personal.PersonalFinances;
				SDKROOT = macosx;
			};
			name = Debug;
		};
		C32C5A283A0BC0F9A430111F /* Release */ = {
			isa = XCBuildConfiguration;
			buildSettings = {
				ALWAYS_SEARCH_USER_PATHS = NO;
				CLANG_ANALYZER_NONNULL = YES;
				CLANG_ANALYZER_NUMBER_OBJECT_CONVERSION = YES_AGGRESSIVE;
				CLANG_CXX_LANGUAGE_STANDARD = "gnu++14";
				CLANG_CXX_LIBRARY = "libc++";
				CLANG_ENABLE_MODULES = YES;
				CLANG_ENABLE_OBJC_ARC = YES;
				CLANG_ENABLE_OBJC_WEAK = YES;
				CLANG_WARN_BLOCK_CAPTURE_AUTORELEASING = YES;
				CLANG_WARN_BOOL_CONVERSION = YES;
				CLANG_WARN_COMMA = YES;
				CLANG_WARN_CONSTANT_CONVERSION = YES;
				CLANG_WARN_DEPRECATED_OBJC_IMPLEMENTATIONS = YES;
				CLANG_WARN_DIRECT_OBJC_ISA_USAGE = YES_ERROR;
				CLANG_WARN_DOCUMENTATION_COMMENTS = YES;
				CLANG_WARN_EMPTY_BODY = YES;
				CLANG_WARN_ENUM_CONVERSION = YES;
				CLANG_WARN_INFINITE_RECURSION = YES;
				CLANG_WARN_INT_CONVERSION = YES;
				CLANG_WARN_NON_LITERAL_NULL_CONVERSION = YES;
				CLANG_WARN_OBJC_IMPLICIT_RETAIN_SELF = YES;
				CLANG_WARN_OBJC_LITERAL_CONVERSION = YES;
				CLANG_WARN_OBJC_ROOT_CLASS = YES_ERROR;
				CLANG_WARN_QUOTED_INCLUDE_IN_FRAMEWORK_HEADER = YES;
				CLANG_WARN_RANGE_LOOP_ANALYSIS = YES;
				CLANG_WARN_STRICT_PROTOTYPES = YES;
				CLANG_WARN_SUSPICIOUS_MOVE = YES;
				CLANG_WARN_UNGUARDED_AVAILABILITY = YES_AGGRESSIVE;
				CLANG_WARN_UNREACHABLE_CODE = YES;
				CLANG_WARN__DUPLICATE_METHOD_MATCH = YES;
				COPY_PHASE_STRIP = NO;
				CURRENT_PROJECT_VERSION = 34;
				DEBUG_INFORMATION_FORMAT = "dwarf-with-dsym";
				DEVELOPMENT_TEAM = "";
				ENABLE_NS_ASSERTIONS = NO;
				ENABLE_STRICT_OBJC_MSGSEND = YES;
				GCC_C_LANGUAGE_STANDARD = gnu11;
				GCC_NO_COMMON_BLOCKS = YES;
				GCC_WARN_64_TO_32_BIT_CONVERSION = YES;
				GCC_WARN_ABOUT_RETURN_TYPE = YES_ERROR;
				GCC_WARN_UNDECLARED_SELECTOR = YES;
				GCC_WARN_UNINITIALIZED_AUTOS = YES_AGGRESSIVE;
				GCC_WARN_UNUSED_FUNCTION = YES;
				GCC_WARN_UNUSED_VARIABLE = YES;
				MARKETING_VERSION = 0.5.1;
				MTL_ENABLE_DEBUG_INFO = NO;
				MTL_FAST_MATH = YES;
				PRODUCT_NAME = "$(TARGET_NAME)";
				SDKROOT = macosx;
				SWIFT_COMPILATION_MODE = wholemodule;
				SWIFT_OPTIMIZATION_LEVEL = "-O";
				SWIFT_VERSION = 5.9;
			};
			name = Release;
		};
		F4FB245D53AA6660BBDA8FF7 /* Debug */ = {
			isa = XCBuildConfiguration;
			buildSettings = {
				ALWAYS_SEARCH_USER_PATHS = NO;
				CLANG_ANALYZER_NONNULL = YES;
				CLANG_ANALYZER_NUMBER_OBJECT_CONVERSION = YES_AGGRESSIVE;
				CLANG_CXX_LANGUAGE_STANDARD = "gnu++14";
				CLANG_CXX_LIBRARY = "libc++";
				CLANG_ENABLE_MODULES = YES;
				CLANG_ENABLE_OBJC_ARC = YES;
				CLANG_ENABLE_OBJC_WEAK = YES;
				CLANG_WARN_BLOCK_CAPTURE_AUTORELEASING = YES;
				CLANG_WARN_BOOL_CONVERSION = YES;
				CLANG_WARN_COMMA = YES;
				CLANG_WARN_CONSTANT_CONVERSION = YES;
				CLANG_WARN_DEPRECATED_OBJC_IMPLEMENTATIONS = YES;
				CLANG_WARN_DIRECT_OBJC_ISA_USAGE = YES_ERROR;
				CLANG_WARN_DOCUMENTATION_COMMENTS = YES;
				CLANG_WARN_EMPTY_BODY = YES;
				CLANG_WARN_ENUM_CONVERSION = YES;
				CLANG_WARN_INFINITE_RECURSION = YES;
				CLANG_WARN_INT_CONVERSION = YES;
				CLANG_WARN_NON_LITERAL_NULL_CONVERSION = YES;
				CLANG_WARN_OBJC_IMPLICIT_RETAIN_SELF = YES;
				CLANG_WARN_OBJC_LITERAL_CONVERSION = YES;
				CLANG_WARN_OBJC_ROOT_CLASS = YES_ERROR;
				CLANG_WARN_QUOTED_INCLUDE_IN_FRAMEWORK_HEADER = YES;
				CLANG_WARN_RANGE_LOOP_ANALYSIS = YES;
				CLANG_WARN_STRICT_PROTOTYPES = YES;
				CLANG_WARN_SUSPICIOUS_MOVE = YES;
				CLANG_WARN_UNGUARDED_AVAILABILITY = YES_AGGRESSIVE;
				CLANG_WARN_UNREACHABLE_CODE = YES;
				CLANG_WARN__DUPLICATE_METHOD_MATCH = YES;
				COPY_PHASE_STRIP = NO;
				CURRENT_PROJECT_VERSION = 34;
				DEBUG_INFORMATION_FORMAT = dwarf;
				DEVELOPMENT_TEAM = "";
				ENABLE_STRICT_OBJC_MSGSEND = YES;
				ENABLE_TESTABILITY = YES;
				GCC_C_LANGUAGE_STANDARD = gnu11;
				GCC_DYNAMIC_NO_PIC = NO;
				GCC_NO_COMMON_BLOCKS = YES;
				GCC_OPTIMIZATION_LEVEL = 0;
				GCC_PREPROCESSOR_DEFINITIONS = (
					"$(inherited)",
					"DEBUG=1",
				);
				GCC_WARN_64_TO_32_BIT_CONVERSION = YES;
				GCC_WARN_ABOUT_RETURN_TYPE = YES_ERROR;
				GCC_WARN_UNDECLARED_SELECTOR = YES;
				GCC_WARN_UNINITIALIZED_AUTOS = YES_AGGRESSIVE;
				GCC_WARN_UNUSED_FUNCTION = YES;
				GCC_WARN_UNUSED_VARIABLE = YES;
				MARKETING_VERSION = 0.5.1;
				MTL_ENABLE_DEBUG_INFO = INCLUDE_SOURCE;
				MTL_FAST_MATH = YES;
				ONLY_ACTIVE_ARCH = YES;
				PRODUCT_NAME = "$(TARGET_NAME)";
				SDKROOT = macosx;
				SWIFT_ACTIVE_COMPILATION_CONDITIONS = DEBUG;
				SWIFT_OPTIMIZATION_LEVEL = "-Onone";
				SWIFT_VERSION = 5.9;
			};
			name = Debug;
		};
		FD22E9D85FE588E4B036CD37 /* Debug */ = {
			isa = XCBuildConfiguration;
			buildSettings = {
				BUNDLE_LOADER = "$(TEST_HOST)";
				COMBINE_HIDPI_IMAGES = YES;
				LD_RUNPATH_SEARCH_PATHS = (
					"$(inherited)",
					"@executable_path/../Frameworks",
					"@loader_path/../Frameworks",
				);
				SDKROOT = macosx;
				TEST_HOST = "$(BUILT_PRODUCTS_DIR)/Kivana.app/Contents/MacOS/Kivana";
			};
			name = Debug;
		};
/* End XCBuildConfiguration section */

/* Begin XCConfigurationList section */
		63EA620C155579330A5C8C93 /* Build configuration list for PBXProject "Kivana" */ = {
			isa = XCConfigurationList;
			buildConfigurations = (
				F4FB245D53AA6660BBDA8FF7 /* Debug */,
				C32C5A283A0BC0F9A430111F /* Release */,
			);
			defaultConfigurationIsVisible = 0;
			defaultConfigurationName = Debug;
		};
		A7FD9035012C17F07263336A /* Build configuration list for PBXNativeTarget "Kivana" */ = {
			isa = XCConfigurationList;
			buildConfigurations = (
				843B5669ED4F09FD02D4C5E8 /* Debug */,
				59002D2BDC1B59F6593F26C2 /* Release */,
			);
			defaultConfigurationIsVisible = 0;
			defaultConfigurationName = Debug;
		};
		BE8E3DB4C09A9852338728C5 /* Build configuration list for PBXNativeTarget "PersonalFinancesTests" */ = {
			isa = XCConfigurationList;
			buildConfigurations = (
				FD22E9D85FE588E4B036CD37 /* Debug */,
				81850C203F6833EA3F0E8073 /* Release */,
			);
			defaultConfigurationIsVisible = 0;
			defaultConfigurationName = Debug;
		};
/* End XCConfigurationList section */
	};
	rootObject = A178189E900DA0CE5881F97D /* Project object */;
}
